
Microsoft Visual Studio Solution File, Format Version 12.00
# Visual Studio 2012
Project("{FAE04EC0-301F-11D3-BF4B-00C04F79EFBC}") = "TipCalculator", "TipCalculator\TipCalculator.csproj", "{918B8739-FDE7-4C5C-928E-F9670088A71F}"
EndProject
Global
	GlobalSection(SolutionConfigurationPlatforms) = preSolution
		Debug|iPhoneSimulator = Debug|iPhoneSimulator
		Release|iPhone = Release|iPhone
		Release|iPhoneSimulator = Release|iPhoneSimulator
		Debug|iPhone = Debug|iPhone
	EndGlobalSection
	GlobalSection(ProjectConfigurationPlatforms) = postSolution
		{918B8739-FDE7-4C5C-928E-F9670088A71F}.Debug|iPhone.ActiveCfg = Debug|iPhone
		{918B8739-FDE7-4C5C-928E-F9670088A71F}.Debug|iPhone.Build.0 = Debug|iPhone
		{918B8739-FDE7-4C5C-928E-F9670088A71F}.Debug|iPhoneSimulator.ActiveCfg = Debug|iPhoneSimulator
		{918B8739-FDE7-4C5C-928E-F9670088A71F}.Debug|iPhoneSimulator.Build.0 = Debug|iPhoneSimulator
		{918B8739-FDE7-4C5C-928E-F9670088A71F}.Release|iPhone.ActiveCfg = Release|iPhone
		{918B8739-FDE7-4C5C-928E-F9670088A71F}.Release|iPhone.Build.0 = Release|iPhone
		{918B8739-FDE7-4C5C-928E-F9670088A71F}.Release|iPhoneSimulator.ActiveCfg = Release|iPhoneSimulator
		{918B8739-FDE7-4C5C-928E-F9670088A71F}.Release|iPhoneSimulator.Build.0 = Release|iPhoneSimulator
	EndGlobalSection
EndGlobal
